# This file is automatically @generated by Cargo.
# It is not intended for manual editing.
version = 3

[[package]]
name = "analysis-orchestration"
version = "0.0.1"
dependencies = [
 "circuit-solver-types",
]

[[package]]
name = "application-frontend"
version = "0.0.1"
dependencies = [
 "circuit-solver-types",
]

[[package]]
name = "circuit-solver-types"
version = "0.0.1"

[[package]]
name = "device-modeling"
version = "0.0.1"
dependencies = [
 "circuit-solver-types",
]

[[package]]
name = "netlist-graph"
version = "0.0.1"
dependencies = [
 "circuit-solver-types",
]

[[package]]
name = "numeric-solver"
version = "0.0.1"
dependencies = [
 "circuit-solver-types",
]
